# THIS IS AN AUTOGENERATED FILE. DO NOT EDIT THIS FILE DIRECTLY.
# yarn lockfile v1


react-hook-form@^6.8.2:
  version "6.8.2"
  resolved "https://registry.yarnpkg.com/react-hook-form/-/react-hook-form-6.8.2.tgz#2a63b3d8578bd4f7965767ae4e205c2c24a1c5bc"
  integrity sha512-9Xz1uz61fCMtQ0MTTnTIDqUpWWi+livCUsYcIOpUrlJXDHJ7QgDLF3wVKcmLIX727FFyGzesXkVCg8cQuRy8OQ==
